Microsoft Visual Studio Solution File, Format Version 12.00
# Visual Studio Version 17
VisualStudioVersion = 17.13.35825.156
MinimumVisualStudioVersion = 10.0.40219.1
Project("{FAE04EC0-301F-11D3-BF4B-00C04F79EFBC}") = "FamilyTools.AppHost", "FamilyTools.AppHost\FamilyTools.AppHost.csproj", "{0AAEE907-FA32-43A4-81A2-34AFEBF1A9F0}"
EndProject
Project("{FAE04EC0-301F-11D3-BF4B-00C04F79EFBC}") = "FamilyTools.ServiceDefaults", "FamilyTools.ServiceDefaults\FamilyTools.ServiceDefaults.csproj", "{C3FE793C-8C15-2DEE-0CEC-B9163BF311CB}"
EndProject
Project("{54A90642-561A-4BB1-A94E-469ADEE60C69}") = "FamilyTools.Web", "FamilyTools.Web\FamilyTools.Web.esproj", "{CF1CC7E2-5D0B-3C1A-B9D2-C485E7301983}"
EndProject
Project("{FAE04EC0-301F-11D3-BF4B-00C04F79EFBC}") = "FamilyTools.EasyCompta", "FamilyTools.EasyCompta\FamilyTools.EasyCompta.csproj", "{4514209A-528B-DDF6-1F68-A7ADD22FC82A}"
EndProject
Global
	GlobalSection(SolutionConfigurationPlatforms) = preSolution
		Debug|Any CPU = Debug|Any CPU
		Release|Any CPU = Release|Any CPU
	EndGlobalSection
	GlobalSection(ProjectConfigurationPlatforms) = postSolution
		{0AAEE907-FA32-43A4-81A2-34AFEBF1A9F0}.Debug|Any CPU.ActiveCfg = Debug|Any CPU
		{0AAEE907-FA32-43A4-81A2-34AFEBF1A9F0}.Debug|Any CPU.Build.0 = Debug|Any CPU
		{0AAEE907-FA32-43A4-81A2-34AFEBF1A9F0}.Release|Any CPU.ActiveCfg = Release|Any CPU
		{0AAEE907-FA32-43A4-81A2-34AFEBF1A9F0}.Release|Any CPU.Build.0 = Release|Any CPU
		{C3FE793C-8C15-2DEE-0CEC-B9163BF311CB}.Debug|Any CPU.ActiveCfg = Debug|Any CPU
		{C3FE793C-8C15-2DEE-0CEC-B9163BF311CB}.Debug|Any CPU.Build.0 = Debug|Any CPU
		{C3FE793C-8C15-2DEE-0CEC-B9163BF311CB}.Release|Any CPU.ActiveCfg = Release|Any CPU
		{C3FE793C-8C15-2DEE-0CEC-B9163BF311CB}.Release|Any CPU.Build.0 = Release|Any CPU
		{CF1CC7E2-5D0B-3C1A-B9D2-C485E7301983}.Debug|Any CPU.ActiveCfg = Debug|Any CPU
		{CF1CC7E2-5D0B-3C1A-B9D2-C485E7301983}.Debug|Any CPU.Build.0 = Debug|Any CPU
		{CF1CC7E2-5D0B-3C1A-B9D2-C485E7301983}.Debug|Any CPU.Deploy.0 = Debug|Any CPU
		{CF1CC7E2-5D0B-3C1A-B9D2-C485E7301983}.Release|Any CPU.ActiveCfg = Release|Any CPU
		{CF1CC7E2-5D0B-3C1A-B9D2-C485E7301983}.Release|Any CPU.Build.0 = Release|Any CPU
		{CF1CC7E2-5D0B-3C1A-B9D2-C485E7301983}.Release|Any CPU.Deploy.0 = Release|Any CPU
		{4514209A-528B-DDF6-1F68-A7ADD22FC82A}.Debug|Any CPU.ActiveCfg = Debug|Any CPU
		{4514209A-528B-DDF6-1F68-A7ADD22FC82A}.Debug|Any CPU.Build.0 = Debug|Any CPU
		{4514209A-528B-DDF6-1F68-A7ADD22FC82A}.Release|Any CPU.ActiveCfg = Release|Any CPU
		{4514209A-528B-DDF6-1F68-A7ADD22FC82A}.Release|Any CPU.Build.0 = Release|Any CPU
	EndGlobalSection
	GlobalSection(SolutionProperties) = preSolution
		HideSolutionNode = FALSE
	EndGlobalSection
	GlobalSection(ExtensibilityGlobals) = postSolution
		SolutionGuid = {48F43519-67E3-4FF6-AB0B-5B0EB819C715}
	EndGlobalSection
EndGlobal
